
Microsoft Visual Studio Solution File, Format Version 12.00
# Visual Studio 15
VisualStudioVersion = 15.0.26124.0
MinimumVisualStudioVersion = 15.0.26124.0
Project("{2150E333-8FDC-42A3-9474-1A3956D46DE8}") = "src", "src", "{FEEAB092-890A-4BC4-888F-87900EDAC314}"
EndProject
Project("{2150E333-8FDC-42A3-9474-1A3956D46DE8}") = "test", "test", "{77E62B19-47F7-437B-AB0E-BAED5A51B981}"
EndProject
Project("{9A19103F-16F7-4668-BE54-9A1E7A4F7556}") = "GlobalJsonTool", "src\GlobalJsonTool\GlobalJsonTool.csproj", "{081BF8AF-1BAC-4137-BA9D-510438E4391B}"
EndProject
Global
	GlobalSection(SolutionConfigurationPlatforms) = preSolution
		Debug|Any CPU = Debug|Any CPU
		Debug|x64 = Debug|x64
		Debug|x86 = Debug|x86
		Release|Any CPU = Release|Any CPU
		Release|x64 = Release|x64
		Release|x86 = Release|x86
	EndGlobalSection
	GlobalSection(ProjectConfigurationPlatforms) = postSolution
		{081BF8AF-1BAC-4137-BA9D-510438E4391B}.Debug|Any CPU.ActiveCfg = Debug|Any CPU
		{081BF8AF-1BAC-4137-BA9D-510438E4391B}.Debug|Any CPU.Build.0 = Debug|Any CPU
		{081BF8AF-1BAC-4137-BA9D-510438E4391B}.Debug|x64.ActiveCfg = Debug|Any CPU
		{081BF8AF-1BAC-4137-BA9D-510438E4391B}.Debug|x64.Build.0 = Debug|Any CPU
		{081BF8AF-1BAC-4137-BA9D-510438E4391B}.Debug|x86.ActiveCfg = Debug|Any CPU
		{081BF8AF-1BAC-4137-BA9D-510438E4391B}.Debug|x86.Build.0 = Debug|Any CPU
		{081BF8AF-1BAC-4137-BA9D-510438E4391B}.Release|Any CPU.ActiveCfg = Release|Any CPU
		{081BF8AF-1BAC-4137-BA9D-510438E4391B}.Release|Any CPU.Build.0 = Release|Any CPU
		{081BF8AF-1BAC-4137-BA9D-510438E4391B}.Release|x64.ActiveCfg = Release|Any CPU
		{081BF8AF-1BAC-4137-BA9D-510438E4391B}.Release|x64.Build.0 = Release|Any CPU
		{081BF8AF-1BAC-4137-BA9D-510438E4391B}.Release|x86.ActiveCfg = Release|Any CPU
		{081BF8AF-1BAC-4137-BA9D-510438E4391B}.Release|x86.Build.0 = Release|Any CPU
	EndGlobalSection
	GlobalSection(SolutionProperties) = preSolution
		HideSolutionNode = FALSE
	EndGlobalSection
	GlobalSection(NestedProjects) = preSolution
		{081BF8AF-1BAC-4137-BA9D-510438E4391B} = {FEEAB092-890A-4BC4-888F-87900EDAC314}
	EndGlobalSection
	GlobalSection(ExtensibilityGlobals) = postSolution
		SolutionGuid = {16709DCD-47B1-4B38-9330-6D645DEF66B4}
	EndGlobalSection
EndGlobal
